{
  "nodes": {
    "flakeNimbleLib": {
      "inputs": {
        "nixpkgs": [
          "nixpkgs"
        ]
      },
      "locked": {
        "lastModified": 1662018438,
        "narHash": "sha256-QtNtU6+LX3Wokxf0zlFwKTFOcn6TeDjKQZ+DA9OYtvM=",
        "owner": "riinr",
        "repo": "nim-flakes-lib",
        "rev": "b1fe8340736e3a85d25c709ac3dfd82a55c03cbf",
        "type": "github"
      },
      "original": {
        "owner": "riinr",
        "ref": "master",
        "repo": "nim-flakes-lib",
        "type": "github"
      }
    },
    "nixpkgs": {
      "locked": {
        "lastModified": 1667199707,
        "narHash": "sha256-I2Js3Y7gUyVSEXPULHlBoRek4Lh85vnevdS6mdvDNLI=",
        "owner": "NixOS",
        "repo": "nixpkgs",
        "rev": "ced197be72099edcfa68ebed8b87af7b04851f45",
        "type": "github"
      },
      "original": {
        "id": "nixpkgs",
        "type": "indirect"
      }
    },
    "root": {
      "inputs": {
        "flakeNimbleLib": "flakeNimbleLib",
        "nixpkgs": "nixpkgs",
        "src-xml-master": "src-xml-master"
      }
    },
    "src-xml-master": {
      "flake": false,
      "locked": {
        "lastModified": 1663607078,
        "narHash": "sha256-rpuRR0IZVjvAZgaan7yd8ED1J0N8dsQAEk6wuzrESbw=",
        "owner": "ba0f3",
        "repo": "xml.nim",
        "rev": "9efacd84a655cbc8e9750d6729f5cbf390ae6ee1",
        "type": "github"
      },
      "original": {
        "owner": "ba0f3",
        "ref": "refs/heads/master",
        "repo": "xml.nim",
        "type": "github"
      }
    }
  },
  "root": "root",
  "version": 7
}
